
Microsoft Visual Studio Solution File, Format Version 12.00
# Visual Studio 15
VisualStudioVersion = 15.0.28307.421
MinimumVisualStudioVersion = 10.0.40219.1
Project("{FAE04EC0-301F-11D3-BF4B-00C04F79EFBC}") = "Graphe.Algo", "Graphe.Algo\Graphe.Algo.csproj", "{08A36F4F-F391-49AE-97E6-DA89E88E1C6A}"
EndProject
Project("{FAE04EC0-301F-11D3-BF4B-00C04F79EFBC}") = "Graphe.Test", "Graphe.Test\Graphe.Test.csproj", "{26976C20-7625-44A5-8489-11C9E9B9E2FF}"
EndProject
Project("{FAE04EC0-301F-11D3-BF4B-00C04F79EFBC}") = "Graphe.Affichage", "Graphe.Affichage\Graphe.Affichage.csproj", "{A3F8CC59-11CC-4357-BCE8-192D5210502B}"
EndProject
Global
	GlobalSection(SolutionConfigurationPlatforms) = preSolution
		Debug|Any CPU = Debug|Any CPU
		Release|Any CPU = Release|Any CPU
	EndGlobalSection
	GlobalSection(ProjectConfigurationPlatforms) = postSolution
		{08A36F4F-F391-49AE-97E6-DA89E88E1C6A}.Debug|Any CPU.ActiveCfg = Debug|Any CPU
		{08A36F4F-F391-49AE-97E6-DA89E88E1C6A}.Debug|Any CPU.Build.0 = Debug|Any CPU
		{08A36F4F-F391-49AE-97E6-DA89E88E1C6A}.Release|Any CPU.ActiveCfg = Release|Any CPU
		{08A36F4F-F391-49AE-97E6-DA89E88E1C6A}.Release|Any CPU.Build.0 = Release|Any CPU
		{26976C20-7625-44A5-8489-11C9E9B9E2FF}.Debug|Any CPU.ActiveCfg = Debug|Any CPU
		{26976C20-7625-44A5-8489-11C9E9B9E2FF}.Debug|Any CPU.Build.0 = Debug|Any CPU
		{26976C20-7625-44A5-8489-11C9E9B9E2FF}.Release|Any CPU.ActiveCfg = Release|Any CPU
		{26976C20-7625-44A5-8489-11C9E9B9E2FF}.Release|Any CPU.Build.0 = Release|Any CPU
		{A3F8CC59-11CC-4357-BCE8-192D5210502B}.Debug|Any CPU.ActiveCfg = Debug|Any CPU
		{A3F8CC59-11CC-4357-BCE8-192D5210502B}.Debug|Any CPU.Build.0 = Debug|Any CPU
		{A3F8CC59-11CC-4357-BCE8-192D5210502B}.Release|Any CPU.ActiveCfg = Release|Any CPU
		{A3F8CC59-11CC-4357-BCE8-192D5210502B}.Release|Any CPU.Build.0 = Release|Any CPU
	EndGlobalSection
	GlobalSection(SolutionProperties) = preSolution
		HideSolutionNode = FALSE
	EndGlobalSection
	GlobalSection(ExtensibilityGlobals) = postSolution
		SolutionGuid = {EB0F1B4D-5A2F-45B4-9A3A-F3CFA1EDB690}
	EndGlobalSection
EndGlobal
